
Microsoft Visual Studio Solution File, Format Version 12.00
# Visual Studio Version 16
VisualStudioVersion = 16.0.30204.135
MinimumVisualStudioVersion = 10.0.40219.1
Project("{9A19103F-16F7-4668-BE54-9A1E7A4F7556}") = "FilterDescriptor", "FilterDescriptor.csproj", "{81BA95BB-8642-4FDC-9BB3-539EE6783379}"
EndProject
Project("{FAE04EC0-301F-11D3-BF4B-00C04F79EFBC}") = "FilterDescriptorTests", "..\FilterDescriptorTests\FilterDescriptorTests.csproj", "{08931072-E8AD-4A56-A695-EA5D0FEF3261}"
EndProject
Global
	GlobalSection(SolutionConfigurationPlatforms) = preSolution
		Debug|Any CPU = Debug|Any CPU
		Release|Any CPU = Release|Any CPU
	EndGlobalSection
	GlobalSection(ProjectConfigurationPlatforms) = postSolution
		{81BA95BB-8642-4FDC-9BB3-539EE6783379}.Debug|Any CPU.ActiveCfg = Debug|Any CPU
		{81BA95BB-8642-4FDC-9BB3-539EE6783379}.Debug|Any CPU.Build.0 = Debug|Any CPU
		{81BA95BB-8642-4FDC-9BB3-539EE6783379}.Release|Any CPU.ActiveCfg = Release|Any CPU
		{81BA95BB-8642-4FDC-9BB3-539EE6783379}.Release|Any CPU.Build.0 = Release|Any CPU
		{08931072-E8AD-4A56-A695-EA5D0FEF3261}.Debug|Any CPU.ActiveCfg = Debug|Any CPU
		{08931072-E8AD-4A56-A695-EA5D0FEF3261}.Debug|Any CPU.Build.0 = Debug|Any CPU
		{08931072-E8AD-4A56-A695-EA5D0FEF3261}.Release|Any CPU.ActiveCfg = Release|Any CPU
		{08931072-E8AD-4A56-A695-EA5D0FEF3261}.Release|Any CPU.Build.0 = Release|Any CPU
	EndGlobalSection
	GlobalSection(SolutionProperties) = preSolution
		HideSolutionNode = FALSE
	EndGlobalSection
	GlobalSection(ExtensibilityGlobals) = postSolution
		SolutionGuid = {4C20B9B0-CE60-4DB3-AC23-B6B60FB9CA90}
	EndGlobalSection
EndGlobal
